
Microsoft Visual Studio Solution File, Format Version 12.00
# Visual Studio Version 17
VisualStudioVersion = 17.14.36127.28 d17.14
MinimumVisualStudioVersion = 10.0.40219.1
Project("{FAE04EC0-301F-11D3-BF4B-00C04F79EFBC}") = "OpenMediator", "OpenMediator\OpenMediator.csproj", "{D1694FCC-D018-8873-3A69-27C75F06D538}"
EndProject
Project("{FAE04EC0-301F-11D3-BF4B-00C04F79EFBC}") = "OpenMediator.Tests", "OpenMediator.Tests\OpenMediator.Tests.csproj", "{F6A386A3-6C74-774E-6D90-FB732AF7BC87}"
EndProject
Global
	GlobalSection(SolutionConfigurationPlatforms) = preSolution
		Debug|Any CPU = Debug|Any CPU
		Release|Any CPU = Release|Any CPU
	EndGlobalSection
	GlobalSection(ProjectConfigurationPlatforms) = postSolution
		{D1694FCC-D018-8873-3A69-27C75F06D538}.Debug|Any CPU.ActiveCfg = Debug|Any CPU
		{D1694FCC-D018-8873-3A69-27C75F06D538}.Debug|Any CPU.Build.0 = Debug|Any CPU
		{D1694FCC-D018-8873-3A69-27C75F06D538}.Release|Any CPU.ActiveCfg = Release|Any CPU
		{D1694FCC-D018-8873-3A69-27C75F06D538}.Release|Any CPU.Build.0 = Release|Any CPU
		{F6A386A3-6C74-774E-6D90-FB732AF7BC87}.Debug|Any CPU.ActiveCfg = Debug|Any CPU
		{F6A386A3-6C74-774E-6D90-FB732AF7BC87}.Debug|Any CPU.Build.0 = Debug|Any CPU
		{F6A386A3-6C74-774E-6D90-FB732AF7BC87}.Release|Any CPU.ActiveCfg = Release|Any CPU
		{F6A386A3-6C74-774E-6D90-FB732AF7BC87}.Release|Any CPU.Build.0 = Release|Any CPU
	EndGlobalSection
	GlobalSection(SolutionProperties) = preSolution
		HideSolutionNode = FALSE
	EndGlobalSection
	GlobalSection(ExtensibilityGlobals) = postSolution
		SolutionGuid = {99D4A00F-AC90-4645-9A6F-56D29AF766C2}
	EndGlobalSection
EndGlobal
